// !$*UTF8*$!
{
	archiveVersion = 1;
	classes = {
	};
	objectVersion = 48;
	objects = {

/* Begin PBXBuildFile section */
		2B650E25212D468100670D81 /* CurConvertViewController.swift in Sources */ = {isa = PBXBuildFile; fileRef = 2B650E24212D468100670D81 /* CurConvertViewController.swift */; };
		2B80C43421422BDB00BA545B /* Servise.swift in Sources */ = {isa = PBXBuildFile; fileRef = 2B80C43321422BDB00BA545B /* Servise.swift */; };
		2B80C4362142492400BA545B /* ValutaViewController.swift in Sources */ = {isa = PBXBuildFile; fileRef = 2B80C4352142492400BA545B /* ValutaViewController.swift */; };
		2BFD72E7212C167500939BEE /* AppDelegate.swift in Sources */ = {isa = PBXBuildFile; fileRef = 2BFD72E6212C167500939BEE /* AppDelegate.swift */; };
		2BFD72EE212C167500939BEE /* Assets.xcassets in Resources */ = {isa = PBXBuildFile; fileRef = 2BFD72ED212C167500939BEE /* Assets.xcassets */; };
		2BFD72F1212C167500939BEE /* LaunchScreen.storyboard in Resources */ = {isa = PBXBuildFile; fileRef = 2BFD72EF212C167500939BEE /* LaunchScreen.storyboard */; };
		2BFD72F9212C16FB00939BEE /* Main.storyboard in Resources */ = {isa = PBXBuildFile; fileRef = 2BFD72F8212C16FB00939BEE /* Main.storyboard */; };
		2BFD72FD212C1B6400939BEE /* Valute.swift in Sources */ = {isa = PBXBuildFile; fileRef = 2BFD72FC212C1B6400939BEE /* Valute.swift */; };
/* End PBXBuildFile section */

/* Begin PBXFileReference section */
		2B650E24212D468100670D81 /* CurConvertViewController.swift */ = {isa = PBXFileReference; lastKnownFileType = sourcecode.swift; path = CurConvertViewController.swift; sourceTree = "<group>"; };
		2B80C43321422BDB00BA545B /* Servise.swift */ = {isa = PBXFileReference; lastKnownFileType = sourcecode.swift; path = Servise.swift; sourceTree = "<group>"; };
		2B80C4352142492400BA545B /* ValutaViewController.swift */ = {isa = PBXFileReference; lastKnownFileType = sourcecode.swift; path = ValutaViewController.swift; sourceTree = "<group>"; };
		2BFD72E3212C167500939BEE /* CurConverter.app */ = {isa = PBXFileReference; explicitFileType = wrapper.application; includeInIndex = 0; path = CurConverter.app; sourceTree = BUILT_PRODUCTS_DIR; };
		2BFD72E6212C167500939BEE /* AppDelegate.swift */ = {isa = PBXFileReference; lastKnownFileType = sourcecode.swift; path = AppDelegate.swift; sourceTree = "<group>"; };
		2BFD72ED212C167500939BEE /* Assets.xcassets */ = {isa = PBXFileReference; lastKnownFileType = folder.assetcatalog; path = Assets.xcassets; sourceTree = "<group>"; };
		2BFD72F0212C167500939BEE /* Base */ = {isa = PBXFileReference; lastKnownFileType = file.storyboard; name = Base; path = Base.lproj/LaunchScreen.storyboard; sourceTree = "<group>"; };
		2BFD72F2212C167500939BEE /* Info.plist */ = {isa = PBXFileReference; lastKnownFileType = text.plist.xml; path = Info.plist; sourceTree = "<group>"; };
		2BFD72F8212C16FB00939BEE /* Main.storyboard */ = {isa = PBXFileReference; fileEncoding = 4; lastKnownFileType = file.storyboard; path = Main.storyboard; sourceTree = "<group>"; };
		2BFD72FC212C1B6400939BEE /* Valute.swift */ = {isa = PBXFileReference; lastKnownFileType = sourcecode.swift; path = Valute.swift; sourceTree = "<group>"; };
/* End PBXFileReference section */

/* Begin PBXFrameworksBuildPhase section */
		2BFD72E0212C167500939BEE /* Frameworks */ = {
			isa = PBXFrameworksBuildPhase;
			buildActionMask = 2147483647;
			files = (
			);
			runOnlyForDeploymentPostprocessing = 0;
		};
/* End PBXFrameworksBuildPhase section */

/* Begin PBXGroup section */
		2B650E40212D673B00670D81 /* Model */ = {
			isa = PBXGroup;
			children = (
				2B80C43321422BDB00BA545B /* Servise.swift */,
				2BFD72FC212C1B6400939BEE /* Valute.swift */,
			);
			path = Model;
			sourceTree = "<group>";
		};
		2B650E41212D6A4500670D81 /* View */ = {
			isa = PBXGroup;
			children = (
				2BFD72F8212C16FB00939BEE /* Main.storyboard */,
			);
			path = View;
			sourceTree = "<group>";
		};
		2B650E44212D6A8C00670D81 /* Controller */ = {
			isa = PBXGroup;
			children = (
				2BFD72E6212C167500939BEE /* AppDelegate.swift */,
				2B80C4352142492400BA545B /* ValutaViewController.swift */,
				2B650E24212D468100670D81 /* CurConvertViewController.swift */,
			);
			path = Controller;
			sourceTree = "<group>";
		};
		2BFD72DA212C167500939BEE = {
			isa = PBXGroup;
			children = (
				2BFD72E5212C167500939BEE /* CurConverter */,
				2BFD72E4212C167500939BEE /* Products */,
			);
			sourceTree = "<group>";
		};
		2BFD72E4212C167500939BEE /* Products */ = {
			isa = PBXGroup;
			children = (
				2BFD72E3212C167500939BEE /* CurConverter.app */,
			);
			name = Products;
			sourceTree = "<group>";
		};
		2BFD72E5212C167500939BEE /* CurConverter */ = {
			isa = PBXGroup;
			children = (
				2B650E44212D6A8C00670D81 /* Controller */,
				2B650E41212D6A4500670D81 /* View */,
				2B650E40212D673B00670D81 /* Model */,
				2BFD72ED212C167500939BEE /* Assets.xcassets */,
				2BFD72EF212C167500939BEE /* LaunchScreen.storyboard */,
				2BFD72F2212C167500939BEE /* Info.plist */,
			);
			path = CurConverter;
			sourceTree = "<group>";
		};
/* End PBXGroup section */

/* Begin PBXNativeTarget section */
		2BFD72E2212C167500939BEE /* CurConverter */ = {
			isa = PBXNativeTarget;
			buildConfigurationList = 2BFD72F5212C167500939BEE /* Build configuration list for PBXNativeTarget "CurConverter" */;
			buildPhases = (
				2BFD72DF212C167500939BEE /* Sources */,
				2BFD72E0212C167500939BEE /* Frameworks */,
				2BFD72E1212C167500939BEE /* Resources */,
			);
			buildRules = (
			);
			dependencies = (
			);
			name = CurConverter;
			productName = CurConverter;
			productReference = 2BFD72E3212C167500939BEE /* CurConverter.app */;
			productType = "com.apple.product-type.application";
		};
/* End PBXNativeTarget section */

/* Begin PBXProject section */
		2BFD72DB212C167500939BEE /* Project object */ = {
			isa = PBXProject;
			attributes = {
				LastSwiftUpdateCheck = 0920;
				LastUpgradeCheck = 0920;
				ORGANIZATIONNAME = Mikhail;
				TargetAttributes = {
					2BFD72E2212C167500939BEE = {
						CreatedOnToolsVersion = 9.2;
						ProvisioningStyle = Automatic;
					};
				};
			};
			buildConfigurationList = 2BFD72DE212C167500939BEE /* Build configuration list for PBXProject "CurConverter" */;
			compatibilityVersion = "Xcode 8.0";
			developmentRegion = en;
			hasScannedForEncodings = 0;
			knownRegions = (
				en,
				Base,
			);
			mainGroup = 2BFD72DA212C167500939BEE;
			productRefGroup = 2BFD72E4212C167500939BEE /* Products */;
			projectDirPath = "";
			projectRoot = "";
			targets = (
				2BFD72E2212C167500939BEE /* CurConverter */,
			);
		};
/* End PBXProject section */

/* Begin PBXResourcesBuildPhase section */
		2BFD72E1212C167500939BEE /* Resources */ = {
			isa = PBXResourcesBuildPhase;
			buildActionMask = 2147483647;
			files = (
				2BFD72F9212C16FB00939BEE /* Main.storyboard in Resources */,
				2BFD72F1212C167500939BEE /* LaunchScreen.storyboard in Resources */,
				2BFD72EE212C167500939BEE /* Assets.xcassets in Resources */,
			);
			runOnlyForDeploymentPostprocessing = 0;
		};
/* End PBXResourcesBuildPhase section */

/* Begin PBXSourcesBuildPhase section */
		2BFD72DF212C167500939BEE /* Sources */ = {
			isa = PBXSourcesBuildPhase;
			buildActionMask = 2147483647;
			files = (
				2BFD72FD212C1B6400939BEE /* Valute.swift in Sources */,
				2BFD72E7212C167500939BEE /* AppDelegate.swift in Sources */,
				2B80C4362142492400BA545B /* ValutaViewController.swift in Sources */,
				2B650E25212D468100670D81 /* CurConvertViewController.swift in Sources */,
				2B80C43421422BDB00BA545B /* Servise.swift in Sources */,
			);
			runOnlyForDeploymentPostprocessing = 0;
		};
/* End PBXSourcesBuildPhase section */

/* Begin PBXVariantGroup section */
		2BFD72EF212C167500939BEE /* LaunchScreen.storyboard */ = {
			isa = PBXVariantGroup;
			children = (
				2BFD72F0212C167500939BEE /* Base */,
			);
			name = LaunchScreen.storyboard;
			sourceTree = "<group>";
		};
/* End PBXVariantGroup section */

/* Begin XCBuildConfiguration section */
		2BFD72F3212C167500939BEE /* Debug */ = {
			isa = XCBuildConfiguration;
			buildSettings = {
				ALWAYS_SEARCH_USER_PATHS = NO;
				CLANG_ANALYZER_NONNULL = YES;
				CLANG_ANALYZER_NUMBER_OBJECT_CONVERSION = YES_AGGRESSIVE;
				CLANG_CXX_LANGUAGE_STANDARD = "gnu++14";
				CLANG_CXX_LIBRARY = "libc++";
				CLANG_ENABLE_MODULES = YES;
				CLANG_ENABLE_OBJC_ARC = YES;
				CLANG_WARN_BLOCK_CAPTURE_AUTORELEASING = YES;
				CLANG_WARN_BOOL_CONVERSION = YES;
				CLANG_WARN_COMMA = YES;
				CLANG_WARN_CONSTANT_CONVERSION = YES;
				CLANG_WARN_DIRECT_OBJC_ISA_USAGE = YES_ERROR;
				CLANG_WARN_DOCUMENTATION_COMMENTS = YES;
				CLANG_WARN_EMPTY_BODY = YES;
				CLANG_WARN_ENUM_CONVERSION = YES;
				CLANG_WARN_INFINITE_RECURSION = YES;
				CLANG_WARN_INT_CONVERSION = YES;
				CLANG_WARN_NON_LITERAL_NULL_CONVERSION = YES;
				CLANG_WARN_OBJC_LITERAL_CONVERSION = YES;
				CLANG_WARN_OBJC_ROOT_CLASS = YES_ERROR;
				CLANG_WARN_RANGE_LOOP_ANALYSIS = YES;
				CLANG_WARN_STRICT_PROTOTYPES = YES;
				CLANG_WARN_SUSPICIOUS_MOVE = YES;
				CLANG_WARN_UNGUARDED_AVAILABILITY = YES_AGGRESSIVE;
				CLANG_WARN_UNREACHABLE_CODE = YES;
				CLANG_WARN__DUPLICATE_METHOD_MATCH = YES;
				CODE_SIGN_IDENTITY = "iPhone Developer";
				COPY_PHASE_STRIP = NO;
				DEBUG_INFORMATION_FORMAT = dwarf;
				ENABLE_STRICT_OBJC_MSGSEND = YES;
				ENABLE_TESTABILITY = YES;
				GCC_C_LANGUAGE_STANDARD = gnu11;
				GCC_DYNAMIC_NO_PIC = NO;
				GCC_NO_COMMON_BLOCKS = YES;
				GCC_OPTIMIZATION_LEVEL = 0;
				GCC_PREPROCESSOR_DEFINITIONS = (
					"DEBUG=1",
					"$(inherited)",
				);
				GCC_WARN_64_TO_32_BIT_CONVERSION = YES;
				GCC_WARN_ABOUT_RETURN_TYPE = YES_ERROR;
				GCC_WARN_UNDECLARED_SELECTOR = YES;
				GCC_WARN_UNINITIALIZED_AUTOS = YES_AGGRESSIVE;
				GCC_WARN_UNUSED_FUNCTION = YES;
				GCC_WARN_UNUSED_VARIABLE = YES;
				IPHONEOS_DEPLOYMENT_TARGET = 11.2;
				MTL_ENABLE_DEBUG_INFO = YES;
				ONLY_ACTIVE_ARCH = YES;
				SDKROOT = iphoneos;
				SWIFT_ACTIVE_COMPILATION_CONDITIONS = DEBUG;
				SWIFT_OPTIMIZATION_LEVEL = "-Onone";
			};
			name = Debug;
		};
		2BFD72F4212C167500939BEE /* Release */ = {
			isa = XCBuildConfiguration;
			buildSettings = {
				ALWAYS_SEARCH_USER_PATHS = NO;
				CLANG_ANALYZER_NONNULL = YES;
				CLANG_ANALYZER_NUMBER_OBJECT_CONVERSION = YES_AGGRESSIVE;
				CLANG_CXX_LANGUAGE_STANDARD = "gnu++14";
				CLANG_CXX_LIBRARY = "libc++";
				CLANG_ENABLE_MODULES = YES;
				CLANG_ENABLE_OBJC_ARC = YES;
				CLANG_WARN_BLOCK_CAPTURE_AUTORELEASING = YES;
				CLANG_WARN_BOOL_CONVERSION = YES;
				CLANG_WARN_COMMA = YES;
				CLANG_WARN_CONSTANT_CONVERSION = YES;
				CLANG_WARN_DIRECT_OBJC_ISA_USAGE = YES_ERROR;
				CLANG_WARN_DOCUMENTATION_COMMENTS = YES;
				CLANG_WARN_EMPTY_BODY = YES;
				CLANG_WARN_ENUM_CONVERSION = YES;
				CLANG_WARN_INFINITE_RECURSION = YES;
				CLANG_WARN_INT_CONVERSION = YES;
				CLANG_WARN_NON_LITERAL_NULL_CONVERSION = YES;
				CLANG_WARN_OBJC_LITERAL_CONVERSION = YES;
				CLANG_WARN_OBJC_ROOT_CLASS = YES_ERROR;
				CLANG_WARN_RANGE_LOOP_ANALYSIS = YES;
				CLANG_WARN_STRICT_PROTOTYPES = YES;
				CLANG_WARN_SUSPICIOUS_MOVE = YES;
				CLANG_WARN_UNGUARDED_AVAILABILITY = YES_AGGRESSIVE;
				CLANG_WARN_UNREACHABLE_CODE = YES;
				CLANG_WARN__DUPLICATE_METHOD_MATCH = YES;
				CODE_SIGN_IDENTITY = "iPhone Developer";
				COPY_PHASE_STRIP = NO;
				DEBUG_INFORMATION_FORMAT = "dwarf-with-dsym";
				ENABLE_NS_ASSERTIONS = NO;
				ENABLE_STRICT_OBJC_MSGSEND = YES;
				GCC_C_LANGUAGE_STANDARD = gnu11;
				GCC_NO_COMMON_BLOCKS = YES;
				GCC_WARN_64_TO_32_BIT_CONVERSION = YES;
				GCC_WARN_ABOUT_RETURN_TYPE = YES_ERROR;
				GCC_WARN_UNDECLARED_SELECTOR = YES;
				GCC_WARN_UNINITIALIZED_AUTOS = YES_AGGRESSIVE;
				GCC_WARN_UNUSED_FUNCTION = YES;
				GCC_WARN_UNUSED_VARIABLE = YES;
				IPHONEOS_DEPLOYMENT_TARGET = 11.2;
				MTL_ENABLE_DEBUG_INFO = NO;
				SDKROOT = iphoneos;
				SWIFT_OPTIMIZATION_LEVEL = "-Owholemodule";
				VALIDATE_PRODUCT = YES;
			};
			name = Release;
		};
		2BFD72F6212C167500939BEE /* Debug */ = {
			isa = XCBuildConfiguration;
			buildSettings = {
				ASSETCATALOG_COMPILER_APPICON_NAME = AppIcon;
				CODE_SIGN_STYLE = Automatic;
				DEVELOPMENT_TEAM = GDJ4HP3ZQJ;
				INFOPLIST_FILE = CurConverter/Info.plist;
				LD_RUNPATH_SEARCH_PATHS = "$(inherited) @executable_path/Frameworks";
				PRODUCT_BUNDLE_IDENTIFIER = com.Mikhail.CurConverter;
				PRODUCT_NAME = "$(TARGET_NAME)";
				SWIFT_VERSION = 4.0;
				TARGETED_DEVICE_FAMILY = 1;
			};
			name = Debug;
		};
		2BFD72F7212C167500939BEE /* Release */ = {
			isa = XCBuildConfiguration;
			buildSettings = {
				ASSETCATALOG_COMPILER_APPICON_NAME = AppIcon;
				CODE_SIGN_STYLE = Automatic;
				DEVELOPMENT_TEAM = GDJ4HP3ZQJ;
				INFOPLIST_FILE = CurConverter/Info.plist;
				LD_RUNPATH_SEARCH_PATHS = "$(inherited) @executable_path/Frameworks";
				PRODUCT_BUNDLE_IDENTIFIER = com.Mikhail.CurConverter;
				PRODUCT_NAME = "$(TARGET_NAME)";
				SWIFT_VERSION = 4.0;
				TARGETED_DEVICE_FAMILY = 1;
			};
			name = Release;
		};
/* End XCBuildConfiguration section */

/* Begin XCConfigurationList section */
		2BFD72DE212C167500939BEE /* Build configuration list for PBXProject "CurConverter" */ = {
			isa = XCConfigurationList;
			buildConfigurations = (
				2BFD72F3212C167500939BEE /* Debug */,
				2BFD72F4212C167500939BEE /* Release */,
			);
			defaultConfigurationIsVisible = 0;
			defaultConfigurationName = Release;
		};
		2BFD72F5212C167500939BEE /* Build configuration list for PBXNativeTarget "CurConverter" */ = {
			isa = XCConfigurationList;
			buildConfigurations = (
				2BFD72F6212C167500939BEE /* Debug */,
				2BFD72F7212C167500939BEE /* Release */,
			);
			defaultConfigurationIsVisible = 0;
			defaultConfigurationName = Release;
		};
/* End XCConfigurationList section */
	};
	rootObject = 2BFD72DB212C167500939BEE /* Project object */;
}
